
Microsoft Visual Studio Solution File, Format Version 12.00
# Visual Studio Version 16
VisualStudioVersion = 16.0.29709.97
MinimumVisualStudioVersion = 10.0.40219.1
Project("{FAE04EC0-301F-11D3-BF4B-00C04F79EFBC}") = "UserRegistrationForm", "UserRegistrationForm\UserRegistrationForm.csproj", "{8DBE9FF1-2225-4D1E-B9B3-09C27BA3046B}"
EndProject
Global
	GlobalSection(SolutionConfigurationPlatforms) = preSolution
		Debug|Any CPU = Debug|Any CPU
		Release|Any CPU = Release|Any CPU
	EndGlobalSection
	GlobalSection(ProjectConfigurationPlatforms) = postSolution
		{8DBE9FF1-2225-4D1E-B9B3-09C27BA3046B}.Debug|Any CPU.ActiveCfg = Debug|Any CPU
		{8DBE9FF1-2225-4D1E-B9B3-09C27BA3046B}.Debug|Any CPU.Build.0 = Debug|Any CPU
		{8DBE9FF1-2225-4D1E-B9B3-09C27BA3046B}.Release|Any CPU.ActiveCfg = Release|Any CPU
		{8DBE9FF1-2225-4D1E-B9B3-09C27BA3046B}.Release|Any CPU.Build.0 = Release|Any CPU
	EndGlobalSection
	GlobalSection(SolutionProperties) = preSolution
		HideSolutionNode = FALSE
	EndGlobalSection
	GlobalSection(ExtensibilityGlobals) = postSolution
		SolutionGuid = {04A7F2CC-D8BC-4C94-A34F-24A173ED2962}
	EndGlobalSection
EndGlobal
